// !$*UTF8*$!
{
	archiveVersion = 1;
	classes = {
	};
	objectVersion = 46;
	objects = {

/* Begin PBXBuildFile section */
		C9538C6F1E907FEC005F8237 /* AppDelegate.swift in Sources */ = {isa = PBXBuildFile; fileRef = C9538C6E1E907FEC005F8237 /* AppDelegate.swift */; };
		C9538C711E907FEC005F8237 /* ViewController.swift in Sources */ = {isa = PBXBuildFile; fileRef = C9538C701E907FEC005F8237 /* ViewController.swift */; };
		C9538C741E907FEC005F8237 /* Main.storyboard in Resources */ = {isa = PBXBuildFile; fileRef = C9538C721E907FEC005F8237 /* Main.storyboard */; };
		C9538C761E907FEC005F8237 /* Assets.xcassets in Resources */ = {isa = PBXBuildFile; fileRef = C9538C751E907FEC005F8237 /* Assets.xcassets */; };
		C9538C791E907FEC005F8237 /* LaunchScreen.storyboard in Resources */ = {isa = PBXBuildFile; fileRef = C9538C771E907FEC005F8237 /* LaunchScreen.storyboard */; };
/* End PBXBuildFile section */

/* Begin PBXFileReference section */
		C9538C6B1E907FEC005F8237 /* memory-iOS.app */ = {isa = PBXFileReference; explicitFileType = wrapper.application; includeInIndex = 0; path = "memory-iOS.app"; sourceTree = BUILT_PRODUCTS_DIR; };
		C9538C6E1E907FEC005F8237 /* AppDelegate.swift */ = {isa = PBXFileReference; lastKnownFileType = sourcecode.swift; path = AppDelegate.swift; sourceTree = "<group>"; };
		C9538C701E907FEC005F8237 /* ViewController.swift */ = {isa = PBXFileReference; lastKnownFileType = sourcecode.swift; path = ViewController.swift; sourceTree = "<group>"; };
		C9538C731E907FEC005F8237 /* Base */ = {isa = PBXFileReference; lastKnownFileType = file.storyboard; name = Base; path = Base.lproj/Main.storyboard; sourceTree = "<group>"; };
		C9538C751E907FEC005F8237 /* Assets.xcassets */ = {isa = PBXFileReference; lastKnownFileType = folder.assetcatalog; path = Assets.xcassets; sourceTree = "<group>"; };
		C9538C781E907FEC005F8237 /* Base */ = {isa = PBXFileReference; lastKnownFileType = file.storyboard; name = Base; path = Base.lproj/LaunchScreen.storyboard; sourceTree = "<group>"; };
		C9538C7A1E907FEC005F8237 /* Info.plist */ = {isa = PBXFileReference; lastKnownFileType = text.plist.xml; path = Info.plist; sourceTree = "<group>"; };
/* End PBXFileReference section */

/* Begin PBXFrameworksBuildPhase section */
		C9538C681E907FEC005F8237 /* Frameworks */ = {
			isa = PBXFrameworksBuildPhase;
			buildActionMask = 2147483647;
			files = (
			);
			runOnlyForDeploymentPostprocessing = 0;
		};
/* End PBXFrameworksBuildPhase section */

/* Begin PBXGroup section */
		C9538C621E907FEC005F8237 = {
			isa = PBXGroup;
			children = (
				C9538C6D1E907FEC005F8237 /* memory-iOS */,
				C9538C6C1E907FEC005F8237 /* Products */,
			);
			sourceTree = "<group>";
		};
		C9538C6C1E907FEC005F8237 /* Products */ = {
			isa = PBXGroup;
			children = (
				C9538C6B1E907FEC005F8237 /* memory-iOS.app */,
			);
			name = Products;
			sourceTree = "<group>";
		};
		C9538C6D1E907FEC005F8237 /* memory-iOS */ = {
			isa = PBXGroup;
			children = (
				C9538C6E1E907FEC005F8237 /* AppDelegate.swift */,
				C9538C701E907FEC005F8237 /* ViewController.swift */,
				C9538C721E907FEC005F8237 /* Main.storyboard */,
				C9538C751E907FEC005F8237 /* Assets.xcassets */,
				C9538C771E907FEC005F8237 /* LaunchScreen.storyboard */,
				C9538C7A1E907FEC005F8237 /* Info.plist */,
			);
			path = "memory-iOS";
			sourceTree = "<group>";
		};
/* End PBXGroup section */

/* Begin PBXNativeTarget section */
		C9538C6A1E907FEC005F8237 /* memory-iOS */ = {
			isa = PBXNativeTarget;
			buildConfigurationList = C9538C7D1E907FEC005F8237 /* Build configuration list for PBXNativeTarget "memory-iOS" */;
			buildPhases = (
				C9538C671E907FEC005F8237 /* Sources */,
				C9538C681E907FEC005F8237 /* Frameworks */,
				C9538C691E907FEC005F8237 /* Resources */,
			);
			buildRules = (
			);
			dependencies = (
			);
			name = "memory-iOS";
			productName = "memory-iOS";
			productReference = C9538C6B1E907FEC005F8237 /* memory-iOS.app */;
			productType = "com.apple.product-type.application";
		};
/* End PBXNativeTarget section */

/* Begin PBXProject section */
		C9538C631E907FEC005F8237 /* Project object */ = {
			isa = PBXProject;
			attributes = {
				LastSwiftUpdateCheck = 0830;
				LastUpgradeCheck = 0830;
				ORGANIZATIONNAME = "Matt Amerige";
				TargetAttributes = {
					C9538C6A1E907FEC005F8237 = {
						CreatedOnToolsVersion = 8.3;
						DevelopmentTeam = VQXELCH5FM;
						ProvisioningStyle = Automatic;
					};
				};
			};
			buildConfigurationList = C9538C661E907FEC005F8237 /* Build configuration list for PBXProject "memory-iOS" */;
			compatibilityVersion = "Xcode 3.2";
			developmentRegion = English;
			hasScannedForEncodings = 0;
			knownRegions = (
				en,
				Base,
			);
			mainGroup = C9538C621E907FEC005F8237;
			productRefGroup = C9538C6C1E907FEC005F8237 /* Products */;
			projectDirPath = "";
			projectRoot = "";
			targets = (
				C9538C6A1E907FEC005F8237 /* memory-iOS */,
			);
		};
/* End PBXProject section */

/* Begin PBXResourcesBuildPhase section */
		C9538C691E907FEC005F8237 /* Resources */ = {
			isa = PBXResourcesBuildPhase;
			buildActionMask = 2147483647;
			files = (
				C9538C791E907FEC005F8237 /* LaunchScreen.storyboard in Resources */,
				C9538C761E907FEC005F8237 /* Assets.xcassets in Resources */,
				C9538C741E907FEC005F8237 /* Main.storyboard in Resources */,
			);
			runOnlyForDeploymentPostprocessing = 0;
		};
/* End PBXResourcesBuildPhase section */

/* Begin PBXSourcesBuildPhase section */
		C9538C671E907FEC005F8237 /* Sources */ = {
			isa = PBXSourcesBuildPhase;
			buildActionMask = 2147483647;
			files = (
				C9538C711E907FEC005F8237 /* ViewController.swift in Sources */,
				C9538C6F1E907FEC005F8237 /* AppDelegate.swift in Sources */,
			);
			runOnlyForDeploymentPostprocessing = 0;
		};
/* End PBXSourcesBuildPhase section */

/* Begin PBXVariantGroup section */
		C9538C721E907FEC005F8237 /* Main.storyboard */ = {
			isa = PBXVariantGroup;
			children = (
				C9538C731E907FEC005F8237 /* Base */,
			);
			name = Main.storyboard;
			sourceTree = "<group>";
		};
		C9538C771E907FEC005F8237 /* LaunchScreen.storyboard */ = {
			isa = PBXVariantGroup;
			children = (
				C9538C781E907FEC005F8237 /* Base */,
			);
			name = LaunchScreen.storyboard;
			sourceTree = "<group>";
		};
/* End PBXVariantGroup section */

/* Begin XCBuildConfiguration section */
		C9538C7B1E907FEC005F8237 /* Debug */ = {
			isa = XCBuildConfiguration;
			buildSettings = {
				ALWAYS_SEARCH_USER_PATHS = NO;
				CLANG_ANALYZER_NONNULL = YES;
				CLANG_ANALYZER_NUMBER_OBJECT_CONVERSION = YES_AGGRESSIVE;
				CLANG_CXX_LANGUAGE_STANDARD = "gnu++0x";
				CLANG_CXX_LIBRARY = "libc++";
				CLANG_ENABLE_MODULES = YES;
				CLANG_ENABLE_OBJC_ARC = YES;
				CLANG_WARN_BOOL_CONVERSION = YES;
				CLANG_WARN_CONSTANT_CONVERSION = YES;
				CLANG_WARN_DIRECT_OBJC_ISA_USAGE = YES_ERROR;
				CLANG_WARN_DOCUMENTATION_COMMENTS = YES;
				CLANG_WARN_EMPTY_BODY = YES;
				CLANG_WARN_ENUM_CONVERSION = YES;
				CLANG_WARN_INFINITE_RECURSION = YES;
				CLANG_WARN_INT_CONVERSION = YES;
				CLANG_WARN_OBJC_ROOT_CLASS = YES_ERROR;
				CLANG_WARN_SUSPICIOUS_MOVE = YES;
				CLANG_WARN_UNREACHABLE_CODE = YES;
				CLANG_WARN__DUPLICATE_METHOD_MATCH = YES;
				"CODE_SIGN_IDENTITY[sdk=iphoneos*]" = "iPhone Developer";
				COPY_PHASE_STRIP = NO;
				DEBUG_INFORMATION_FORMAT = dwarf;
				ENABLE_STRICT_OBJC_MSGSEND = YES;
				ENABLE_TESTABILITY = YES;
				GCC_C_LANGUAGE_STANDARD = gnu99;
				GCC_DYNAMIC_NO_PIC = NO;
				GCC_NO_COMMON_BLOCKS = YES;
				GCC_OPTIMIZATION_LEVEL = 0;
				GCC_PREPROCESSOR_DEFINITIONS = (
					"DEBUG=1",
					"$(inherited)",
				);
				GCC_WARN_64_TO_32_BIT_CONVERSION = YES;
				GCC_WARN_ABOUT_RETURN_TYPE = YES_ERROR;
				GCC_WARN_UNDECLARED_SELECTOR = YES;
				GCC_WARN_UNINITIALIZED_AUTOS = YES_AGGRESSIVE;
				GCC_WARN_UNUSED_FUNCTION = YES;
				GCC_WARN_UNUSED_VARIABLE = YES;
				IPHONEOS_DEPLOYMENT_TARGET = 10.3;
				MTL_ENABLE_DEBUG_INFO = YES;
				ONLY_ACTIVE_ARCH = YES;
				SDKROOT = iphoneos;
				SWIFT_ACTIVE_COMPILATION_CONDITIONS = DEBUG;
				SWIFT_OPTIMIZATION_LEVEL = "-Onone";
			};
			name = Debug;
		};
		C9538C7C1E907FEC005F8237 /* Release */ = {
			isa = XCBuildConfiguration;
			buildSettings = {
				ALWAYS_SEARCH_USER_PATHS = NO;
				CLANG_ANALYZER_NONNULL = YES;
				CLANG_ANALYZER_NUMBER_OBJECT_CONVERSION = YES_AGGRESSIVE;
				CLANG_CXX_LANGUAGE_STANDARD = "gnu++0x";
				CLANG_CXX_LIBRARY = "libc++";
				CLANG_ENABLE_MODULES = YES;
				CLANG_ENABLE_OBJC_ARC = YES;
				CLANG_WARN_BOOL_CONVERSION = YES;
				CLANG_WARN_CONSTANT_CONVERSION = YES;
				CLANG_WARN_DIRECT_OBJC_ISA_USAGE = YES_ERROR;
				CLANG_WARN_DOCUMENTATION_COMMENTS = YES;
				CLANG_WARN_EMPTY_BODY = YES;
				CLANG_WARN_ENUM_CONVERSION = YES;
				CLANG_WARN_INFINITE_RECURSION = YES;
				CLANG_WARN_INT_CONVERSION = YES;
				CLANG_WARN_OBJC_ROOT_CLASS = YES_ERROR;
				CLANG_WARN_SUSPICIOUS_MOVE = YES;
				CLANG_WARN_UNREACHABLE_CODE = YES;
				CLANG_WARN__DUPLICATE_METHOD_MATCH = YES;
				"CODE_SIGN_IDENTITY[sdk=iphoneos*]" = "iPhone Developer";
				COPY_PHASE_STRIP = NO;
				DEBUG_INFORMATION_FORMAT = "dwarf-with-dsym";
				ENABLE_NS_ASSERTIONS = NO;
				ENABLE_STRICT_OBJC_MSGSEND = YES;
				GCC_C_LANGUAGE_STANDARD = gnu99;
				GCC_NO_COMMON_BLOCKS = YES;
				GCC_WARN_64_TO_32_BIT_CONVERSION = YES;
				GCC_WARN_ABOUT_RETURN_TYPE = YES_ERROR;
				GCC_WARN_UNDECLARED_SELECTOR = YES;
				GCC_WARN_UNINITIALIZED_AUTOS = YES_AGGRESSIVE;
				GCC_WARN_UNUSED_FUNCTION = YES;
				GCC_WARN_UNUSED_VARIABLE = YES;
				IPHONEOS_DEPLOYMENT_TARGET = 10.3;
				MTL_ENABLE_DEBUG_INFO = NO;
				SDKROOT = iphoneos;
				SWIFT_OPTIMIZATION_LEVEL = "-Owholemodule";
				VALIDATE_PRODUCT = YES;
			};
			name = Release;
		};
		C9538C7E1E907FEC005F8237 /* Debug */ = {
			isa = XCBuildConfiguration;
			buildSettings = {
				ASSETCATALOG_COMPILER_APPICON_NAME = AppIcon;
				DEVELOPMENT_TEAM = VQXELCH5FM;
				INFOPLIST_FILE = "memory-iOS/Info.plist";
				LD_RUNPATH_SEARCH_PATHS = "$(inherited) @executable_path/Frameworks";
				PRODUCT_BUNDLE_IDENTIFIER = "com.BuildThings.memory-iOS";
				PRODUCT_NAME = "$(TARGET_NAME)";
				SWIFT_VERSION = 3.0;
			};
			name = Debug;
		};
		C9538C7F1E907FEC005F8237 /* Release */ = {
			isa = XCBuildConfiguration;
			buildSettings = {
				ASSETCATALOG_COMPILER_APPICON_NAME = AppIcon;
				DEVELOPMENT_TEAM = VQXELCH5FM;
				INFOPLIST_FILE = "memory-iOS/Info.plist";
				LD_RUNPATH_SEARCH_PATHS = "$(inherited) @executable_path/Frameworks";
				PRODUCT_BUNDLE_IDENTIFIER = "com.BuildThings.memory-iOS";
				PRODUCT_NAME = "$(TARGET_NAME)";
				SWIFT_VERSION = 3.0;
			};
			name = Release;
		};
/* End XCBuildConfiguration section */

/* Begin XCConfigurationList section */
		C9538C661E907FEC005F8237 /* Build configuration list for PBXProject "memory-iOS" */ = {
			isa = XCConfigurationList;
			buildConfigurations = (
				C9538C7B1E907FEC005F8237 /* Debug */,
				C9538C7C1E907FEC005F8237 /* Release */,
			);
			defaultConfigurationIsVisible = 0;
			defaultConfigurationName = Release;
		};
		C9538C7D1E907FEC005F8237 /* Build configuration list for PBXNativeTarget "memory-iOS" */ = {
			isa = XCConfigurationList;
			buildConfigurations = (
				C9538C7E1E907FEC005F8237 /* Debug */,
				C9538C7F1E907FEC005F8237 /* Release */,
			);
			defaultConfigurationIsVisible = 0;
		};
/* End XCConfigurationList section */
	};
	rootObject = C9538C631E907FEC005F8237 /* Project object */;
}
